// !$*UTF8*$!
{
	archiveVersion = 1;
	classes = {
	};
	objectVersion = 77;
	objects = {

/* Begin PBXBuildFile section */
		9FF745B72F3232A40029F2B0 /* MovieEntity+CoreDataClass.swift in Sources */ = {isa = PBXBuildFile; fileRef = 9FF745B52F3232A40029F2B0 /* MovieEntity+CoreDataClass.swift */; };
		9FF745B82F3232A40029F2B0 /* MovieEntity+CoreDataProperties.swift in Sources */ = {isa = PBXBuildFile; fileRef = 9FF745B62F3232A40029F2B0 /* MovieEntity+CoreDataProperties.swift */; };
/* End PBXBuildFile section */

/* Begin PBXContainerItemProxy section */
		9F5C2E3C2F2CF0BD0099EABC /* PBXContainerItemProxy */ = {
			isa = PBXContainerItemProxy;
			containerPortal = 9F5C2E1A2F2CF0BB0099EABC /* Project object */;
			proxyType = 1;
			remoteGlobalIDString = 9F5C2E212F2CF0BB0099EABC;
			remoteInfo = MovieFetcher;
		};
		9F5C2E462F2CF0BD0099EABC /* PBXContainerItemProxy */ = {
			isa = PBXContainerItemProxy;
			containerPortal = 9F5C2E1A2F2CF0BB0099EABC /* Project object */;
			proxyType = 1;
			remoteGlobalIDString = 9F5C2E212F2CF0BB0099EABC;
			remoteInfo = MovieFetcher;
		};
/* End PBXContainerItemProxy section */

/* Begin PBXFileReference section */
		9F5C2E222F2CF0BB0099EABC /* MovieFetcher.app */ = {isa = PBXFileReference; explicitFileType = wrapper.application; includeInIndex = 0; path = MovieFetcher.app; sourceTree = BUILT_PRODUCTS_DIR; };
		9F5C2E3B2F2CF0BD0099EABC /* MovieFetcherTests.xctest */ = {isa = PBXFileReference; explicitFileType = wrapper.cfbundle; includeInIndex = 0; path = MovieFetcherTests.xctest; sourceTree = BUILT_PRODUCTS_DIR; };
		9F5C2E452F2CF0BD0099EABC /* MovieFetcherUITests.xctest */ = {isa = PBXFileReference; explicitFileType = wrapper.cfbundle; includeInIndex = 0; path = MovieFetcherUITests.xctest; sourceTree = BUILT_PRODUCTS_DIR; };
		9FF745B52F3232A40029F2B0 /* MovieEntity+CoreDataClass.swift */ = {isa = PBXFileReference; lastKnownFileType = sourcecode.swift; name = "MovieEntity+CoreDataClass.swift"; path = "MovieFetcher/Data/Persistence/Entities/MovieEntity+CoreDataClass.swift"; sourceTree = "<group>"; };
		9FF745B62F3232A40029F2B0 /* MovieEntity+CoreDataProperties.swift */ = {isa = PBXFileReference; lastKnownFileType = sourcecode.swift; name = "MovieEntity+CoreDataProperties.swift"; path = "MovieFetcher/Data/Persistence/Entities/MovieEntity+CoreDataProperties.swift"; sourceTree = "<group>"; };
/* End PBXFileReference section */

/* Begin PBXFileSystemSynchronizedBuildFileExceptionSet section */
		9F5C2E4D2F2CF0BD0099EABC /* Exceptions for "MovieFetcher" folder in "MovieFetcher" target */ = {
			isa = PBXFileSystemSynchronizedBuildFileExceptionSet;
			membershipExceptions = (
				Resources/Info.plist,
			);
			target = 9F5C2E212F2CF0BB0099EABC /* MovieFetcher */;
		};
		9F5C2E622F2CF2470099EABC /* Exceptions for "MovieFetcher" folder in "MovieFetcherTests" target */ = {
			isa = PBXFileSystemSynchronizedBuildFileExceptionSet;
			membershipExceptions = (
				Data/Network/APIConfiguration.swift,
				Data/Network/NetworkError.swift,
				Data/Network/NetworkService.swift,
				Data/Persistence/Cache/Manager/CoreDataManager.swift,
				Data/Repositories/MovieRepository.swift,
				Data/Services/ImageLoader.swift,
				Domain/Entities/ImageData.swift,
				Domain/Entities/Movie.swift,
				Domain/Entities/MovieSearchResult.swift,
				Domain/Interfaces/FavoritesRepositoryProtocol.swift,
				Domain/Interfaces/MovieCacheProtocol.swift,
				Domain/Interfaces/MovieCacheRepositoryProtocol.swift,
				Domain/Interfaces/MovieDataRepositoryProtocol.swift,
				Domain/Interfaces/MovieRepositoryProtocol.swift,
				Domain/UseCases/ManageFavoritesUseCase.swift,
				Domain/UseCases/SearchMoviesUseCase.swift,
				Presentation/Adapters/ImageDataAdapter.swift,
				Presentation/Coordinators/Coordinator.swift,
				Presentation/ViewModels/FavoritesViewModel.swift,
				Presentation/ViewModels/MovieDetailViewModel.swift,
				Presentation/ViewModels/MovieSearchViewModel.swift,
				Presentation/Views/Cells/MovieTableViewCell.swift,
				Presentation/Views/Components/AsyncImageView.swift,
				Presentation/Views/FavoritesViewController.swift,
				Presentation/Views/MovieDetailViewController.swift,
				Presentation/Views/MovieSearchViewController.swift,
				Resources/MovieFetcher.xcdatamodeld,
			);
			target = 9F5C2E3A2F2CF0BD0099EABC /* MovieFetcherTests */;
		};
		9F5C2E632F2CF2470099EABC /* Exceptions for "MovieFetcher" folder in "MovieFetcherUITests" target */ = {
			isa = PBXFileSystemSynchronizedBuildFileExceptionSet;
			membershipExceptions = (
				Data/Network/APIConfiguration.swift,
				Data/Network/NetworkError.swift,
				Data/Network/NetworkService.swift,
				Data/Persistence/Cache/Manager/CoreDataManager.swift,
				Data/Repositories/MovieRepository.swift,
				Data/Services/ImageLoader.swift,
				Domain/Entities/ImageData.swift,
				Domain/Entities/Movie.swift,
				Domain/Entities/MovieSearchResult.swift,
				Domain/Interfaces/FavoritesRepositoryProtocol.swift,
				Domain/Interfaces/MovieCacheProtocol.swift,
				Domain/Interfaces/MovieCacheRepositoryProtocol.swift,
				Domain/Interfaces/MovieDataRepositoryProtocol.swift,
				Domain/Interfaces/MovieRepositoryProtocol.swift,
				Domain/UseCases/ManageFavoritesUseCase.swift,
				Domain/UseCases/SearchMoviesUseCase.swift,
				Presentation/Adapters/ImageDataAdapter.swift,
				Presentation/Coordinators/Coordinator.swift,
				Presentation/ViewModels/FavoritesViewModel.swift,
				Presentation/ViewModels/MovieDetailViewModel.swift,
				Presentation/ViewModels/MovieSearchViewModel.swift,
				Presentation/Views/Cells/MovieTableViewCell.swift,
				Presentation/Views/Components/AsyncImageView.swift,
				Presentation/Views/FavoritesViewController.swift,
				Presentation/Views/MovieDetailViewController.swift,
				Presentation/Views/MovieSearchViewController.swift,
				Resources/MovieFetcher.xcdatamodeld,
			);
			target = 9F5C2E442F2CF0BD0099EABC /* MovieFetcherUITests */;
		};
/* End PBXFileSystemSynchronizedBuildFileExceptionSet section */

/* Begin PBXFileSystemSynchronizedRootGroup section */
		9F5C2E242F2CF0BB0099EABC /* MovieFetcher */ = {
			isa = PBXFileSystemSynchronizedRootGroup;
			exceptions = (
				9F5C2E4D2F2CF0BD0099EABC /* Exceptions for "MovieFetcher" folder in "MovieFetcher" target */,
				9F5C2E622F2CF2470099EABC /* Exceptions for "MovieFetcher" folder in "MovieFetcherTests" target */,
				9F5C2E632F2CF2470099EABC /* Exceptions for "MovieFetcher" folder in "MovieFetcherUITests" target */,
			);
			path = MovieFetcher;
			sourceTree = "<group>";
		};
		9F5C2E3E2F2CF0BD0099EABC /* MovieFetcherTests */ = {
			isa = PBXFileSystemSynchronizedRootGroup;
			path = MovieFetcherTests;
			sourceTree = "<group>";
		};
		9F5C2E482F2CF0BD0099EABC /* MovieFetcherUITests */ = {
			isa = PBXFileSystemSynchronizedRootGroup;
			path = MovieFetcherUITests;
			sourceTree = "<group>";
		};
/* End PBXFileSystemSynchronizedRootGroup section */

/* Begin PBXFrameworksBuildPhase section */
		9F5C2E1F2F2CF0BB0099EABC /* Frameworks */ = {
			isa = PBXFrameworksBuildPhase;
			buildActionMask = 2147483647;
			files = (
			);
			runOnlyForDeploymentPostprocessing = 0;
		};
		9F5C2E382F2CF0BD0099EABC /* Frameworks */ = {
			isa = PBXFrameworksBuildPhase;
			buildActionMask = 2147483647;
			files = (
			);
			runOnlyForDeploymentPostprocessing = 0;
		};
		9F5C2E422F2CF0BD0099EABC /* Frameworks */ = {
			isa = PBXFrameworksBuildPhase;
			buildActionMask = 2147483647;
			files = (
			);
			runOnlyForDeploymentPostprocessing = 0;
		};
/* End PBXFrameworksBuildPhase section */

/* Begin PBXGroup section */
		9F5C2E192F2CF0BB0099EABC = {
			isa = PBXGroup;
			children = (
				9FF745B52F3232A40029F2B0 /* MovieEntity+CoreDataClass.swift */,
				9FF745B62F3232A40029F2B0 /* MovieEntity+CoreDataProperties.swift */,
				9F5C2E242F2CF0BB0099EABC /* MovieFetcher */,
				9F5C2E3E2F2CF0BD0099EABC /* MovieFetcherTests */,
				9F5C2E482F2CF0BD0099EABC /* MovieFetcherUITests */,
				9F5C2E232F2CF0BB0099EABC /* Products */,
			);
			sourceTree = "<group>";
		};
		9F5C2E232F2CF0BB0099EABC /* Products */ = {
			isa = PBXGroup;
			children = (
				9F5C2E222F2CF0BB0099EABC /* MovieFetcher.app */,
				9F5C2E3B2F2CF0BD0099EABC /* MovieFetcherTests.xctest */,
				9F5C2E452F2CF0BD0099EABC /* MovieFetcherUITests.xctest */,
			);
			name = Products;
			sourceTree = "<group>";
		};
/* End PBXGroup section */

/* Begin PBXNativeTarget section */
		9F5C2E212F2CF0BB0099EABC /* MovieFetcher */ = {
			isa = PBXNativeTarget;
			buildConfigurationList = 9F5C2E4E2F2CF0BD0099EABC /* Build configuration list for PBXNativeTarget "MovieFetcher" */;
			buildPhases = (
				9F5C2E1E2F2CF0BB0099EABC /* Sources */,
				9F5C2E1F2F2CF0BB0099EABC /* Frameworks */,
				9F5C2E202F2CF0BB0099EABC /* Resources */,
			);
			buildRules = (
			);
			dependencies = (
			);
			fileSystemSynchronizedGroups = (
				9F5C2E242F2CF0BB0099EABC /* MovieFetcher */,
			);
			name = MovieFetcher;
			packageProductDependencies = (
			);
			productName = MovieFetcher;
			productReference = 9F5C2E222F2CF0BB0099EABC /* MovieFetcher.app */;
			productType = "com.apple.product-type.application";
		};
		9F5C2E3A2F2CF0BD0099EABC /* MovieFetcherTests */ = {
			isa = PBXNativeTarget;
			buildConfigurationList = 9F5C2E532F2CF0BD0099EABC /* Build configuration list for PBXNativeTarget "MovieFetcherTests" */;
			buildPhases = (
				9F5C2E372F2CF0BD0099EABC /* Sources */,
				9F5C2E382F2CF0BD0099EABC /* Frameworks */,
				9F5C2E392F2CF0BD0099EABC /* Resources */,
			);
			buildRules = (
			);
			dependencies = (
				9F5C2E3D2F2CF0BD0099EABC /* PBXTargetDependency */,
			);
			fileSystemSynchronizedGroups = (
				9F5C2E3E2F2CF0BD0099EABC /* MovieFetcherTests */,
			);
			name = MovieFetcherTests;
			packageProductDependencies = (
			);
			productName = MovieFetcherTests;
			productReference = 9F5C2E3B2F2CF0BD0099EABC /* MovieFetcherTests.xctest */;
			productType = "com.apple.product-type.bundle.unit-test";
		};
		9F5C2E442F2CF0BD0099EABC /* MovieFetcherUITests */ = {
			isa = PBXNativeTarget;
			buildConfigurationList = 9F5C2E562F2CF0BD0099EABC /* Build configuration list for PBXNativeTarget "MovieFetcherUITests" */;
			buildPhases = (
				9F5C2E412F2CF0BD0099EABC /* Sources */,
				9F5C2E422F2CF0BD0099EABC /* Frameworks */,
				9F5C2E432F2CF0BD0099EABC /* Resources */,
			);
			buildRules = (
			);
			dependencies = (
				9F5C2E472F2CF0BD0099EABC /* PBXTargetDependency */,
			);
			fileSystemSynchronizedGroups = (
				9F5C2E482F2CF0BD0099EABC /* MovieFetcherUITests */,
			);
			name = MovieFetcherUITests;
			packageProductDependencies = (
			);
			productName = MovieFetcherUITests;
			productReference = 9F5C2E452F2CF0BD0099EABC /* MovieFetcherUITests.xctest */;
			productType = "com.apple.product-type.bundle.ui-testing";
		};
/* End PBXNativeTarget section */

/* Begin PBXProject section */
		9F5C2E1A2F2CF0BB0099EABC /* Project object */ = {
			isa = PBXProject;
			attributes = {
				BuildIndependentTargetsInParallel = 1;
				CLASSPREFIX = "";
				LastSwiftUpdateCheck = 2600;
				LastUpgradeCheck = 2600;
				TargetAttributes = {
					9F5C2E212F2CF0BB0099EABC = {
						CreatedOnToolsVersion = 26.0.1;
					};
					9F5C2E3A2F2CF0BD0099EABC = {
						CreatedOnToolsVersion = 26.0.1;
						TestTargetID = 9F5C2E212F2CF0BB0099EABC;
					};
					9F5C2E442F2CF0BD0099EABC = {
						CreatedOnToolsVersion = 26.0.1;
						TestTargetID = 9F5C2E212F2CF0BB0099EABC;
					};
				};
			};
			buildConfigurationList = 9F5C2E1D2F2CF0BB0099EABC /* Build configuration list for PBXProject "MovieFetcher" */;
			developmentRegion = en;
			hasScannedForEncodings = 0;
			knownRegions = (
				en,
				Base,
			);
			mainGroup = 9F5C2E192F2CF0BB0099EABC;
			minimizedProjectReferenceProxies = 1;
			preferredProjectObjectVersion = 77;
			productRefGroup = 9F5C2E232F2CF0BB0099EABC /* Products */;
			projectDirPath = "";
			projectRoot = "";
			targets = (
				9F5C2E212F2CF0BB0099EABC /* MovieFetcher */,
				9F5C2E3A2F2CF0BD0099EABC /* MovieFetcherTests */,
				9F5C2E442F2CF0BD0099EABC /* MovieFetcherUITests */,
			);
		};
/* End PBXProject section */

/* Begin PBXResourcesBuildPhase section */
		9F5C2E202F2CF0BB0099EABC /* Resources */ = {
			isa = PBXResourcesBuildPhase;
			buildActionMask = 2147483647;
			files = (
			);
			runOnlyForDeploymentPostprocessing = 0;
		};
		9F5C2E392F2CF0BD0099EABC /* Resources */ = {
			isa = PBXResourcesBuildPhase;
			buildActionMask = 2147483647;
			files = (
			);
			runOnlyForDeploymentPostprocessing = 0;
		};
		9F5C2E432F2CF0BD0099EABC /* Resources */ = {
			isa = PBXResourcesBuildPhase;
			buildActionMask = 2147483647;
			files = (
			);
			runOnlyForDeploymentPostprocessing = 0;
		};
/* End PBXResourcesBuildPhase section */

/* Begin PBXSourcesBuildPhase section */
		9F5C2E1E2F2CF0BB0099EABC /* Sources */ = {
			isa = PBXSourcesBuildPhase;
			buildActionMask = 2147483647;
			files = (
				9FF745B72F3232A40029F2B0 /* MovieEntity+CoreDataClass.swift in Sources */,
				9FF745B82F3232A40029F2B0 /* MovieEntity+CoreDataProperties.swift in Sources */,
			);
			runOnlyForDeploymentPostprocessing = 0;
		};
		9F5C2E372F2CF0BD0099EABC /* Sources */ = {
			isa = PBXSourcesBuildPhase;
			buildActionMask = 2147483647;
			files = (
			);
			runOnlyForDeploymentPostprocessing = 0;
		};
		9F5C2E412F2CF0BD0099EABC /* Sources */ = {
			isa = PBXSourcesBuildPhase;
			buildActionMask = 2147483647;
			files = (
			);
			runOnlyForDeploymentPostprocessing = 0;
		};
/* End PBXSourcesBuildPhase section */

/* Begin PBXTargetDependency section */
		9F5C2E3D2F2CF0BD0099EABC /* PBXTargetDependency */ = {
			isa = PBXTargetDependency;
			target = 9F5C2E212F2CF0BB0099EABC /* MovieFetcher */;
			targetProxy = 9F5C2E3C2F2CF0BD0099EABC /* PBXContainerItemProxy */;
		};
		9F5C2E472F2CF0BD0099EABC /* PBXTargetDependency */ = {
			isa = PBXTargetDependency;
			target = 9F5C2E212F2CF0BB0099EABC /* MovieFetcher */;
			targetProxy = 9F5C2E462F2CF0BD0099EABC /* PBXContainerItemProxy */;
		};
/* End PBXTargetDependency section */

/* Begin XCBuildConfiguration section */
		9F5C2E4F2F2CF0BD0099EABC /* Debug */ = {
			isa = XCBuildConfiguration;
			buildSettings = {
				ASSETCATALOG_COMPILER_APPICON_NAME = AppIcon;
				ASSETCATALOG_COMPILER_GLOBAL_ACCENT_COLOR_NAME = AccentColor;
				CODE_SIGN_STYLE = Automatic;
				CURRENT_PROJECT_VERSION = 1;
				DEVELOPMENT_TEAM = HQN4R44MDA;
				GENERATE_INFOPLIST_FILE = YES;
				INFOPLIST_FILE = MovieFetcher/Resources/Info.plist;
				INFOPLIST_KEY_UIApplicationSupportsIndirectInputEvents = YES;
				INFOPLIST_KEY_UILaunchStoryboardName = LaunchScreen;
				INFOPLIST_KEY_UIMainStoryboardFile = Main;
				INFOPLIST_KEY_UISupportedInterfaceOrientations_iPad = "UIInterfaceOrientationPortrait UIInterfaceOrientationPortraitUpsideDown UIInterfaceOrientationLandscapeLeft UIInterfaceOrientationLandscapeRight";
				INFOPLIST_KEY_UISupportedInterfaceOrientations_iPhone = "UIInterfaceOrientationPortrait UIInterfaceOrientationLandscapeLeft UIInterfaceOrientationLandscapeRight";
				LD_RUNPATH_SEARCH_PATHS = (
					"$(inherited)",
					"@executable_path/Frameworks",
				);
				MARKETING_VERSION = 1.0;
				PRODUCT_BUNDLE_IDENTIFIER = com.MovieFetcher;
				PRODUCT_NAME = "$(TARGET_NAME)";
				STRING_CATALOG_GENERATE_SYMBOLS = YES;
				SWIFT_APPROACHABLE_CONCURRENCY = YES;
				SWIFT_EMIT_LOC_STRINGS = YES;
				SWIFT_UPCOMING_FEATURE_MEMBER_IMPORT_VISIBILITY = YES;
				SWIFT_VERSION = 5.0;
				TARGETED_DEVICE_FAMILY = "1,2";
			};
			name = Debug;
		};
		9F5C2E502F2CF0BD0099EABC /* Release */ = {
			isa = XCBuildConfiguration;
			buildSettings = {
				ASSETCATALOG_COMPILER_APPICON_NAME = AppIcon;
				ASSETCATALOG_COMPILER_GLOBAL_ACCENT_COLOR_NAME = AccentColor;
				CODE_SIGN_STYLE = Automatic;
				CURRENT_PROJECT_VERSION = 1;
				DEVELOPMENT_TEAM = HQN4R44MDA;
				GENERATE_INFOPLIST_FILE = YES;
				INFOPLIST_FILE = MovieFetcher/Resources/Info.plist;
				INFOPLIST_KEY_UIApplicationSupportsIndirectInputEvents = YES;
				INFOPLIST_KEY_UILaunchStoryboardName = LaunchScreen;
				INFOPLIST_KEY_UIMainStoryboardFile = Main;
				INFOPLIST_KEY_UISupportedInterfaceOrientations_iPad = "UIInterfaceOrientationPortrait UIInterfaceOrientationPortraitUpsideDown UIInterfaceOrientationLandscapeLeft UIInterfaceOrientationLandscapeRight";
				INFOPLIST_KEY_UISupportedInterfaceOrientations_iPhone = "UIInterfaceOrientationPortrait UIInterfaceOrientationLandscapeLeft UIInterfaceOrientationLandscapeRight";
				LD_RUNPATH_SEARCH_PATHS = (
					"$(inherited)",
					"@executable_path/Frameworks",
				);
				MARKETING_VERSION = 1.0;
				PRODUCT_BUNDLE_IDENTIFIER = com.MovieFetcher;
				PRODUCT_NAME = "$(TARGET_NAME)";
				STRING_CATALOG_GENERATE_SYMBOLS = YES;
				SWIFT_APPROACHABLE_CONCURRENCY = YES;
				SWIFT_EMIT_LOC_STRINGS = YES;
				SWIFT_UPCOMING_FEATURE_MEMBER_IMPORT_VISIBILITY = YES;
				SWIFT_VERSION = 5.0;
				TARGETED_DEVICE_FAMILY = "1,2";
			};
			name = Release;
		};
		9F5C2E512F2CF0BD0099EABC /* Debug */ = {
			isa = XCBuildConfiguration;
			buildSettings = {
				ALWAYS_SEARCH_USER_PATHS = NO;
				ASSETCATALOG_COMPILER_GENERATE_SWIFT_ASSET_SYMBOL_EXTENSIONS = YES;
				CLANG_ANALYZER_NONNULL = YES;
				CLANG_ANALYZER_NUMBER_OBJECT_CONVERSION = YES_AGGRESSIVE;
				CLANG_CXX_LANGUAGE_STANDARD = "gnu++20";
				CLANG_ENABLE_MODULES = YES;
				CLANG_ENABLE_OBJC_ARC = YES;
				CLANG_ENABLE_OBJC_WEAK = YES;
				CLANG_WARN_BLOCK_CAPTURE_AUTORELEASING = YES;
				CLANG_WARN_BOOL_CONVERSION = YES;
				CLANG_WARN_COMMA = YES;
				CLANG_WARN_CONSTANT_CONVERSION = YES;
				CLANG_WARN_DEPRECATED_OBJC_IMPLEMENTATIONS = YES;
				CLANG_WARN_DIRECT_OBJC_ISA_USAGE = YES_ERROR;
				CLANG_WARN_DOCUMENTATION_COMMENTS = YES;
				CLANG_WARN_EMPTY_BODY = YES;
				CLANG_WARN_ENUM_CONVERSION = YES;
				CLANG_WARN_INFINITE_RECURSION = YES;
				CLANG_WARN_INT_CONVERSION = YES;
				CLANG_WARN_NON_LITERAL_NULL_CONVERSION = YES;
				CLANG_WARN_OBJC_IMPLICIT_RETAIN_SELF = YES;
				CLANG_WARN_OBJC_LITERAL_CONVERSION = YES;
				CLANG_WARN_OBJC_ROOT_CLASS = YES_ERROR;
				CLANG_WARN_QUOTED_INCLUDE_IN_FRAMEWORK_HEADER = YES;
				CLANG_WARN_RANGE_LOOP_ANALYSIS = YES;
				CLANG_WARN_STRICT_PROTOTYPES = YES;
				CLANG_WARN_SUSPICIOUS_MOVE = YES;
				CLANG_WARN_UNGUARDED_AVAILABILITY = YES_AGGRESSIVE;
				CLANG_WARN_UNREACHABLE_CODE = YES;
				CLANG_WARN__DUPLICATE_METHOD_MATCH = YES;
				COPY_PHASE_STRIP = NO;
				DEBUG_INFORMATION_FORMAT = dwarf;
				ENABLE_STRICT_OBJC_MSGSEND = YES;
				ENABLE_TESTABILITY = YES;
				ENABLE_USER_SCRIPT_SANDBOXING = YES;
				GCC_C_LANGUAGE_STANDARD = gnu17;
				GCC_DYNAMIC_NO_PIC = NO;
				GCC_NO_COMMON_BLOCKS = YES;
				GCC_OPTIMIZATION_LEVEL = 0;
				GCC_PREPROCESSOR_DEFINITIONS = (
					"DEBUG=1",
					"$(inherited)",
				);
				GCC_WARN_64_TO_32_BIT_CONVERSION = YES;
				GCC_WARN_ABOUT_RETURN_TYPE = YES_ERROR;
				GCC_WARN_UNDECLARED_SELECTOR = YES;
				GCC_WARN_UNINITIALIZED_AUTOS = YES_AGGRESSIVE;
				GCC_WARN_UNUSED_FUNCTION = YES;
				GCC_WARN_UNUSED_VARIABLE = YES;
				IPHONEOS_DEPLOYMENT_TARGET = 26.0;
				LOCALIZATION_PREFERS_STRING_CATALOGS = YES;
				MTL_ENABLE_DEBUG_INFO = INCLUDE_SOURCE;
				MTL_FAST_MATH = YES;
				ONLY_ACTIVE_ARCH = YES;
				SDKROOT = iphoneos;
				SWIFT_ACTIVE_COMPILATION_CONDITIONS = "DEBUG $(inherited)";
				SWIFT_OPTIMIZATION_LEVEL = "-Onone";
			};
			name = Debug;
		};
		9F5C2E522F2CF0BD0099EABC /* Release */ = {
			isa = XCBuildConfiguration;
			buildSettings = {
				ALWAYS_SEARCH_USER_PATHS = NO;
				ASSETCATALOG_COMPILER_GENERATE_SWIFT_ASSET_SYMBOL_EXTENSIONS = YES;
				CLANG_ANALYZER_NONNULL = YES;
				CLANG_ANALYZER_NUMBER_OBJECT_CONVERSION = YES_AGGRESSIVE;
				CLANG_CXX_LANGUAGE_STANDARD = "gnu++20";
				CLANG_ENABLE_MODULES = YES;
				CLANG_ENABLE_OBJC_ARC = YES;
				CLANG_ENABLE_OBJC_WEAK = YES;
				CLANG_WARN_BLOCK_CAPTURE_AUTORELEASING = YES;
				CLANG_WARN_BOOL_CONVERSION = YES;
				CLANG_WARN_COMMA = YES;
				CLANG_WARN_CONSTANT_CONVERSION = YES;
				CLANG_WARN_DEPRECATED_OBJC_IMPLEMENTATIONS = YES;
				CLANG_WARN_DIRECT_OBJC_ISA_USAGE = YES_ERROR;
				CLANG_WARN_DOCUMENTATION_COMMENTS = YES;
				CLANG_WARN_EMPTY_BODY = YES;
				CLANG_WARN_ENUM_CONVERSION = YES;
				CLANG_WARN_INFINITE_RECURSION = YES;
				CLANG_WARN_INT_CONVERSION = YES;
				CLANG_WARN_NON_LITERAL_NULL_CONVERSION = YES;
				CLANG_WARN_OBJC_IMPLICIT_RETAIN_SELF = YES;
				CLANG_WARN_OBJC_LITERAL_CONVERSION = YES;
				CLANG_WARN_OBJC_ROOT_CLASS = YES_ERROR;
				CLANG_WARN_QUOTED_INCLUDE_IN_FRAMEWORK_HEADER = YES;
				CLANG_WARN_RANGE_LOOP_ANALYSIS = YES;
				CLANG_WARN_STRICT_PROTOTYPES = YES;
				CLANG_WARN_SUSPICIOUS_MOVE = YES;
				CLANG_WARN_UNGUARDED_AVAILABILITY = YES_AGGRESSIVE;
				CLANG_WARN_UNREACHABLE_CODE = YES;
				CLANG_WARN__DUPLICATE_METHOD_MATCH = YES;
				COPY_PHASE_STRIP = NO;
				DEBUG_INFORMATION_FORMAT = "dwarf-with-dsym";
				ENABLE_NS_ASSERTIONS = NO;
				ENABLE_STRICT_OBJC_MSGSEND = YES;
				ENABLE_USER_SCRIPT_SANDBOXING = YES;
				GCC_C_LANGUAGE_STANDARD = gnu17;
				GCC_NO_COMMON_BLOCKS = YES;
				GCC_WARN_64_TO_32_BIT_CONVERSION = YES;
				GCC_WARN_ABOUT_RETURN_TYPE = YES_ERROR;
				GCC_WARN_UNDECLARED_SELECTOR = YES;
				GCC_WARN_UNINITIALIZED_AUTOS = YES_AGGRESSIVE;
				GCC_WARN_UNUSED_FUNCTION = YES;
				GCC_WARN_UNUSED_VARIABLE = YES;
				IPHONEOS_DEPLOYMENT_TARGET = 26.0;
				LOCALIZATION_PREFERS_STRING_CATALOGS = YES;
				MTL_ENABLE_DEBUG_INFO = NO;
				MTL_FAST_MATH = YES;
				SDKROOT = iphoneos;
				SWIFT_COMPILATION_MODE = wholemodule;
				VALIDATE_PRODUCT = YES;
			};
			name = Release;
		};
		9F5C2E542F2CF0BD0099EABC /* Debug */ = {
			isa = XCBuildConfiguration;
			buildSettings = {
				BUNDLE_LOADER = "$(TEST_HOST)";
				CODE_SIGN_STYLE = Automatic;
				CURRENT_PROJECT_VERSION = 1;
				GENERATE_INFOPLIST_FILE = YES;
				IPHONEOS_DEPLOYMENT_TARGET = 26.0;
				MARKETING_VERSION = 1.0;
				PRODUCT_BUNDLE_IDENTIFIER = com.MovieFetcherTests;
				PRODUCT_NAME = "$(TARGET_NAME)";
				STRING_CATALOG_GENERATE_SYMBOLS = NO;
				SWIFT_APPROACHABLE_CONCURRENCY = YES;
				SWIFT_EMIT_LOC_STRINGS = NO;
				SWIFT_UPCOMING_FEATURE_MEMBER_IMPORT_VISIBILITY = YES;
				SWIFT_VERSION = 5.0;
				TARGETED_DEVICE_FAMILY = "1,2";
				TEST_HOST = "$(BUILT_PRODUCTS_DIR)/MovieFetcher.app/$(BUNDLE_EXECUTABLE_FOLDER_PATH)/MovieFetcher";
			};
			name = Debug;
		};
		9F5C2E552F2CF0BD0099EABC /* Release */ = {
			isa = XCBuildConfiguration;
			buildSettings = {
				BUNDLE_LOADER = "$(TEST_HOST)";
				CODE_SIGN_STYLE = Automatic;
				CURRENT_PROJECT_VERSION = 1;
				GENERATE_INFOPLIST_FILE = YES;
				IPHONEOS_DEPLOYMENT_TARGET = 26.0;
				MARKETING_VERSION = 1.0;
				PRODUCT_BUNDLE_IDENTIFIER = com.MovieFetcherTests;
				PRODUCT_NAME = "$(TARGET_NAME)";
				STRING_CATALOG_GENERATE_SYMBOLS = NO;
				SWIFT_APPROACHABLE_CONCURRENCY = YES;
				SWIFT_EMIT_LOC_STRINGS = NO;
				SWIFT_UPCOMING_FEATURE_MEMBER_IMPORT_VISIBILITY = YES;
				SWIFT_VERSION = 5.0;
				TARGETED_DEVICE_FAMILY = "1,2";
				TEST_HOST = "$(BUILT_PRODUCTS_DIR)/MovieFetcher.app/$(BUNDLE_EXECUTABLE_FOLDER_PATH)/MovieFetcher";
			};
			name = Release;
		};
		9F5C2E572F2CF0BD0099EABC /* Debug */ = {
			isa = XCBuildConfiguration;
			buildSettings = {
				CODE_SIGN_STYLE = Automatic;
				CURRENT_PROJECT_VERSION = 1;
				GENERATE_INFOPLIST_FILE = YES;
				MARKETING_VERSION = 1.0;
				PRODUCT_BUNDLE_IDENTIFIER = com.MovieFetcherUITests;
				PRODUCT_NAME = "$(TARGET_NAME)";
				STRING_CATALOG_GENERATE_SYMBOLS = NO;
				SWIFT_APPROACHABLE_CONCURRENCY = YES;
				SWIFT_EMIT_LOC_STRINGS = NO;
				SWIFT_UPCOMING_FEATURE_MEMBER_IMPORT_VISIBILITY = YES;
				SWIFT_VERSION = 5.0;
				TARGETED_DEVICE_FAMILY = "1,2";
				TEST_TARGET_NAME = MovieFetcher;
			};
			name = Debug;
		};
		9F5C2E582F2CF0BD0099EABC /* Release */ = {
			isa = XCBuildConfiguration;
			buildSettings = {
				CODE_SIGN_STYLE = Automatic;
				CURRENT_PROJECT_VERSION = 1;
				GENERATE_INFOPLIST_FILE = YES;
				MARKETING_VERSION = 1.0;
				PRODUCT_BUNDLE_IDENTIFIER = com.MovieFetcherUITests;
				PRODUCT_NAME = "$(TARGET_NAME)";
				STRING_CATALOG_GENERATE_SYMBOLS = NO;
				SWIFT_APPROACHABLE_CONCURRENCY = YES;
				SWIFT_EMIT_LOC_STRINGS = NO;
				SWIFT_UPCOMING_FEATURE_MEMBER_IMPORT_VISIBILITY = YES;
				SWIFT_VERSION = 5.0;
				TARGETED_DEVICE_FAMILY = "1,2";
				TEST_TARGET_NAME = MovieFetcher;
			};
			name = Release;
		};
/* End XCBuildConfiguration section */

/* Begin XCConfigurationList section */
		9F5C2E1D2F2CF0BB0099EABC /* Build configuration list for PBXProject "MovieFetcher" */ = {
			isa = XCConfigurationList;
			buildConfigurations = (
				9F5C2E512F2CF0BD0099EABC /* Debug */,
				9F5C2E522F2CF0BD0099EABC /* Release */,
			);
			defaultConfigurationIsVisible = 0;
			defaultConfigurationName = Release;
		};
		9F5C2E4E2F2CF0BD0099EABC /* Build configuration list for PBXNativeTarget "MovieFetcher" */ = {
			isa = XCConfigurationList;
			buildConfigurations = (
				9F5C2E4F2F2CF0BD0099EABC /* Debug */,
				9F5C2E502F2CF0BD0099EABC /* Release */,
			);
			defaultConfigurationIsVisible = 0;
			defaultConfigurationName = Release;
		};
		9F5C2E532F2CF0BD0099EABC /* Build configuration list for PBXNativeTarget "MovieFetcherTests" */ = {
			isa = XCConfigurationList;
			buildConfigurations = (
				9F5C2E542F2CF0BD0099EABC /* Debug */,
				9F5C2E552F2CF0BD0099EABC /* Release */,
			);
			defaultConfigurationIsVisible = 0;
			defaultConfigurationName = Release;
		};
		9F5C2E562F2CF0BD0099EABC /* Build configuration list for PBXNativeTarget "MovieFetcherUITests" */ = {
			isa = XCConfigurationList;
			buildConfigurations = (
				9F5C2E572F2CF0BD0099EABC /* Debug */,
				9F5C2E582F2CF0BD0099EABC /* Release */,
			);
			defaultConfigurationIsVisible = 0;
			defaultConfigurationName = Release;
		};
/* End XCConfigurationList section */
	};
	rootObject = 9F5C2E1A2F2CF0BB0099EABC /* Project object */;
}
